
Microsoft Visual Studio Solution File, Format Version 12.00
# Visual Studio 14
VisualStudioVersion = 14.0.23107.0
MinimumVisualStudioVersion = 10.0.40219.1
Project("{FAE04EC0-301F-11D3-BF4B-00C04F79EFBC}") = "BE", "DomainModel\BE.csproj", "{3010F794-238F-4F12-A793-BCEF010FB83C}"
EndProject
Project("{FAE04EC0-301F-11D3-BF4B-00C04F79EFBC}") = "FeetClinic_DAL", "FeetClinic_DAL\FeetClinic_DAL.csproj", "{D619E0D0-F874-4FBF-8E2A-A5523A4F7244}"
EndProject
Project("{FAE04EC0-301F-11D3-BF4B-00C04F79EFBC}") = "DomainModel_Tests", "DomainModel_Tests\DomainModel_Tests.csproj", "{A52D2D72-4AEE-4169-9629-4372B0181442}"
EndProject
Project("{FAE04EC0-301F-11D3-BF4B-00C04F79EFBC}") = "FeetClinic_Rest_Tests", "FeetClinic_Rest_Tests\FeetClinic_Rest_Tests.csproj", "{A6FF5B0D-9C24-4540-9F12-3C2BACC5B623}"
EndProject
Project("{FAE04EC0-301F-11D3-BF4B-00C04F79EFBC}") = "FeetClinic_DAL_Tests", "FeetClinic_DAL_Tests\FeetClinic_DAL_Tests.csproj", "{064335B9-4A78-476F-B8CC-6F4F47386474}"
EndProject
Project("{FAE04EC0-301F-11D3-BF4B-00C04F79EFBC}") = "FeetClinic_UserDAL", "FeetClinic_UserDAL\FeetClinic_UserDAL.csproj", "{4556120E-D562-4AFB-B79F-0169652717A0}"
EndProject
Project("{FAE04EC0-301F-11D3-BF4B-00C04F79EFBC}") = "FeetClinic_UserDAL_Tests", "FeetClinic_UserDAL_Tests\FeetClinic_UserDAL_Tests.csproj", "{5FC7586B-FB6B-4245-8FD9-5D57B3A71970}"
EndProject
Project("{FAE04EC0-301F-11D3-BF4B-00C04F79EFBC}") = "FeetClinic.WEB", "FeetClinic.WEB\FeetClinic.WEB.csproj", "{1C30A2AC-33B6-40BF-8E12-7E5023446B0E}"
EndProject
Project("{FAE04EC0-301F-11D3-BF4B-00C04F79EFBC}") = "FeetClinic.WEB_Tests", "FeetClinic.WEB_Tests\FeetClinic.WEB_Tests.csproj", "{7FF3BF33-1B7A-4E69-9866-364A30298850}"
EndProject
Project("{2150E333-8FDC-42A3-9474-1A3956D46DE8}") = "Domain", "Domain", "{3B47B903-4EEC-4415-92B5-65C22C8F15D5}"
EndProject
Project("{2150E333-8FDC-42A3-9474-1A3956D46DE8}") = "FeetClinic.MVC", "FeetClinic.MVC", "{842484E3-A898-4AA8-85D4-6E05158184BA}"
EndProject
Project("{2150E333-8FDC-42A3-9474-1A3956D46DE8}") = "DAL", "DAL", "{53415DE9-A5A4-4A0D-B3F2-E7A9C8C5F1E4}"
EndProject
Project("{2150E333-8FDC-42A3-9474-1A3956D46DE8}") = "REST", "REST", "{FC509E9C-3CB6-4948-B221-A3F21FF7EC57}"
EndProject
Project("{FAE04EC0-301F-11D3-BF4B-00C04F79EFBC}") = "FeetClinic_Rest", "FeetClinic_Rest\FeetClinic_Rest.csproj", "{3844EF93-7FD0-410A-864F-34C835FF9BDB}"
EndProject
Project("{FAE04EC0-301F-11D3-BF4B-00C04F79EFBC}") = "BLL", "BLL\BLL.csproj", "{B1DAF15C-48CC-46D1-848B-7315C33CBA05}"
EndProject
Global
	GlobalSection(SolutionConfigurationPlatforms) = preSolution
		Debug|Any CPU = Debug|Any CPU
		Release|Any CPU = Release|Any CPU
	EndGlobalSection
	GlobalSection(ProjectConfigurationPlatforms) = postSolution
		{3010F794-238F-4F12-A793-BCEF010FB83C}.Debug|Any CPU.ActiveCfg = Debug|Any CPU
		{3010F794-238F-4F12-A793-BCEF010FB83C}.Debug|Any CPU.Build.0 = Debug|Any CPU
		{3010F794-238F-4F12-A793-BCEF010FB83C}.Release|Any CPU.ActiveCfg = Release|Any CPU
		{3010F794-238F-4F12-A793-BCEF010FB83C}.Release|Any CPU.Build.0 = Release|Any CPU
		{D619E0D0-F874-4FBF-8E2A-A5523A4F7244}.Debug|Any CPU.ActiveCfg = Debug|Any CPU
		{D619E0D0-F874-4FBF-8E2A-A5523A4F7244}.Debug|Any CPU.Build.0 = Debug|Any CPU
		{D619E0D0-F874-4FBF-8E2A-A5523A4F7244}.Release|Any CPU.ActiveCfg = Release|Any CPU
		{D619E0D0-F874-4FBF-8E2A-A5523A4F7244}.Release|Any CPU.Build.0 = Release|Any CPU
		{A52D2D72-4AEE-4169-9629-4372B0181442}.Debug|Any CPU.ActiveCfg = Debug|Any CPU
		{A52D2D72-4AEE-4169-9629-4372B0181442}.Debug|Any CPU.Build.0 = Debug|Any CPU
		{A52D2D72-4AEE-4169-9629-4372B0181442}.Release|Any CPU.ActiveCfg = Release|Any CPU
		{A52D2D72-4AEE-4169-9629-4372B0181442}.Release|Any CPU.Build.0 = Release|Any CPU
		{A6FF5B0D-9C24-4540-9F12-3C2BACC5B623}.Debug|Any CPU.ActiveCfg = Debug|Any CPU
		{A6FF5B0D-9C24-4540-9F12-3C2BACC5B623}.Debug|Any CPU.Build.0 = Debug|Any CPU
		{A6FF5B0D-9C24-4540-9F12-3C2BACC5B623}.Release|Any CPU.ActiveCfg = Release|Any CPU
		{A6FF5B0D-9C24-4540-9F12-3C2BACC5B623}.Release|Any CPU.Build.0 = Release|Any CPU
		{064335B9-4A78-476F-B8CC-6F4F47386474}.Debug|Any CPU.ActiveCfg = Debug|Any CPU
		{064335B9-4A78-476F-B8CC-6F4F47386474}.Debug|Any CPU.Build.0 = Debug|Any CPU
		{064335B9-4A78-476F-B8CC-6F4F47386474}.Release|Any CPU.ActiveCfg = Release|Any CPU
		{064335B9-4A78-476F-B8CC-6F4F47386474}.Release|Any CPU.Build.0 = Release|Any CPU
		{4556120E-D562-4AFB-B79F-0169652717A0}.Debug|Any CPU.ActiveCfg = Debug|Any CPU
		{4556120E-D562-4AFB-B79F-0169652717A0}.Debug|Any CPU.Build.0 = Debug|Any CPU
		{4556120E-D562-4AFB-B79F-0169652717A0}.Release|Any CPU.ActiveCfg = Release|Any CPU
		{4556120E-D562-4AFB-B79F-0169652717A0}.Release|Any CPU.Build.0 = Release|Any CPU
		{5FC7586B-FB6B-4245-8FD9-5D57B3A71970}.Debug|Any CPU.ActiveCfg = Debug|Any CPU
		{5FC7586B-FB6B-4245-8FD9-5D57B3A71970}.Debug|Any CPU.Build.0 = Debug|Any CPU
		{5FC7586B-FB6B-4245-8FD9-5D57B3A71970}.Release|Any CPU.ActiveCfg = Release|Any CPU
		{5FC7586B-FB6B-4245-8FD9-5D57B3A71970}.Release|Any CPU.Build.0 = Release|Any CPU
		{1C30A2AC-33B6-40BF-8E12-7E5023446B0E}.Debug|Any CPU.ActiveCfg = Debug|Any CPU
		{1C30A2AC-33B6-40BF-8E12-7E5023446B0E}.Debug|Any CPU.Build.0 = Debug|Any CPU
		{1C30A2AC-33B6-40BF-8E12-7E5023446B0E}.Release|Any CPU.ActiveCfg = Release|Any CPU
		{1C30A2AC-33B6-40BF-8E12-7E5023446B0E}.Release|Any CPU.Build.0 = Release|Any CPU
		{7FF3BF33-1B7A-4E69-9866-364A30298850}.Debug|Any CPU.ActiveCfg = Debug|Any CPU
		{7FF3BF33-1B7A-4E69-9866-364A30298850}.Debug|Any CPU.Build.0 = Debug|Any CPU
		{7FF3BF33-1B7A-4E69-9866-364A30298850}.Release|Any CPU.ActiveCfg = Release|Any CPU
		{7FF3BF33-1B7A-4E69-9866-364A30298850}.Release|Any CPU.Build.0 = Release|Any CPU
		{3844EF93-7FD0-410A-864F-34C835FF9BDB}.Debug|Any CPU.ActiveCfg = Debug|Any CPU
		{3844EF93-7FD0-410A-864F-34C835FF9BDB}.Debug|Any CPU.Build.0 = Debug|Any CPU
		{3844EF93-7FD0-410A-864F-34C835FF9BDB}.Release|Any CPU.ActiveCfg = Release|Any CPU
		{3844EF93-7FD0-410A-864F-34C835FF9BDB}.Release|Any CPU.Build.0 = Release|Any CPU
		{B1DAF15C-48CC-46D1-848B-7315C33CBA05}.Debug|Any CPU.ActiveCfg = Debug|Any CPU
		{B1DAF15C-48CC-46D1-848B-7315C33CBA05}.Debug|Any CPU.Build.0 = Debug|Any CPU
		{B1DAF15C-48CC-46D1-848B-7315C33CBA05}.Release|Any CPU.ActiveCfg = Release|Any CPU
		{B1DAF15C-48CC-46D1-848B-7315C33CBA05}.Release|Any CPU.Build.0 = Release|Any CPU
	EndGlobalSection
	GlobalSection(SolutionProperties) = preSolution
		HideSolutionNode = FALSE
	EndGlobalSection
	GlobalSection(NestedProjects) = preSolution
		{3010F794-238F-4F12-A793-BCEF010FB83C} = {3B47B903-4EEC-4415-92B5-65C22C8F15D5}
		{D619E0D0-F874-4FBF-8E2A-A5523A4F7244} = {53415DE9-A5A4-4A0D-B3F2-E7A9C8C5F1E4}
		{A52D2D72-4AEE-4169-9629-4372B0181442} = {3B47B903-4EEC-4415-92B5-65C22C8F15D5}
		{A6FF5B0D-9C24-4540-9F12-3C2BACC5B623} = {FC509E9C-3CB6-4948-B221-A3F21FF7EC57}
		{064335B9-4A78-476F-B8CC-6F4F47386474} = {53415DE9-A5A4-4A0D-B3F2-E7A9C8C5F1E4}
		{4556120E-D562-4AFB-B79F-0169652717A0} = {53415DE9-A5A4-4A0D-B3F2-E7A9C8C5F1E4}
		{5FC7586B-FB6B-4245-8FD9-5D57B3A71970} = {53415DE9-A5A4-4A0D-B3F2-E7A9C8C5F1E4}
		{1C30A2AC-33B6-40BF-8E12-7E5023446B0E} = {842484E3-A898-4AA8-85D4-6E05158184BA}
		{7FF3BF33-1B7A-4E69-9866-364A30298850} = {842484E3-A898-4AA8-85D4-6E05158184BA}
		{3844EF93-7FD0-410A-864F-34C835FF9BDB} = {FC509E9C-3CB6-4948-B221-A3F21FF7EC57}
		{B1DAF15C-48CC-46D1-848B-7315C33CBA05} = {3B47B903-4EEC-4415-92B5-65C22C8F15D5}
	EndGlobalSection
	GlobalSection(ExtensibilityGlobals) = postSolution
		EnterpriseLibraryConfigurationToolBinariesPathV6 = packages\EnterpriseLibrary.TransientFaultHandling.6.0.1304.0\lib\portable-net45+win+wp8;packages\EnterpriseLibrary.TransientFaultHandling.Data.6.0.1304.1\lib\NET45
	EndGlobalSection
EndGlobal
